{
  "name": "luxon",
  "version": "1.0.0",
  "lockfileVersion": 2,
  "requires": true,
  "packages": {
    "": {
      "version": "1.0.0",
      "license": "ISC",
      "dependencies": {
        "luxon": "^1.26.0"
      },
      "devDependencies": {
        "@types/luxon": "^1.26.3"
      }
    },
    "node_modules/@types/luxon": {
      "version": "1.26.3",
      "resolved": "https://registry.npmjs.org/@types/luxon/-/luxon-1.26.3.tgz",
      "integrity": "sha512-2TELN+Pd3Ocde87sKJMSQ9Wdj0zc/okHK3/+fOQHr3CaWv4jtVtcMzmt1Foww1+5YvPd9B5vL3XR6u5KF0daEA==",
      "dev": true
    },
    "node_modules/luxon": {
      "version": "1.26.0",
      "resolved": "https://registry.npmjs.org/luxon/-/luxon-1.26.0.tgz",
      "integrity": "sha512-+V5QIQ5f6CDXQpWNICELwjwuHdqeJM1UenlZWx5ujcRMc9venvluCjFb4t5NYLhb6IhkbMVOxzVuOqkgMxee2A==",
      "engines": {
        "node": "*"
      }
    }
  },
  "dependencies": {
    "@types/luxon": {
      "version": "1.26.3",
      "resolved": "https://registry.npmjs.org/@types/luxon/-/luxon-1.26.3.tgz",
      "integrity": "sha512-2TELN+Pd3Ocde87sKJMSQ9Wdj0zc/okHK3/+fOQHr3CaWv4jtVtcMzmt1Foww1+5YvPd9B5vL3XR6u5KF0daEA==",
      "dev": true
    },
    "luxon": {
      "version": "1.26.0",
      "resolved": "https://registry.npmjs.org/luxon/-/luxon-1.26.0.tgz",
      "integrity": "sha512-+V5QIQ5f6CDXQpWNICELwjwuHdqeJM1UenlZWx5ujcRMc9venvluCjFb4t5NYLhb6IhkbMVOxzVuOqkgMxee2A=="
    }
  }
}
